Microsoft Visual Studio Solution File, Format Version 12.00
# Visual Studio 15
VisualStudioVersion = 15.0.27130.2027
MinimumVisualStudioVersion = 15.0.26124.0
Project("{9A19103F-16F7-4668-BE54-9A1E7A4F7556}") = "Domain", "Domain\Domain.csproj", "{6055CB73-892F-4E4F-AF61-3F1F2DBA54BE}"
EndProject
Project("{9A19103F-16F7-4668-BE54-9A1E7A4F7556}") = "Repositories", "Repositories\Repositories.csproj", "{02DE986C-B9C4-410D-A2B1-5EAE1D9C8505}"
EndProject
Project("{9A19103F-16F7-4668-BE54-9A1E7A4F7556}") = "Tests", "Tests\Tests.csproj", "{F3945642-AE2B-4B24-A928-0CF43645B1B0}"
EndProject
Global
	GlobalSection(SolutionConfigurationPlatforms) = preSolution
		Debug|Any CPU = Debug|Any CPU
		Debug|x64 = Debug|x64
		Debug|x86 = Debug|x86
		Release|Any CPU = Release|Any CPU
		Release|x64 = Release|x64
		Release|x86 = Release|x86
	EndGlobalSection
	GlobalSection(ProjectConfigurationPlatforms) = postSolution
		{6055CB73-892F-4E4F-AF61-3F1F2DBA54BE}.Debug|Any CPU.ActiveCfg = Debug|Any CPU
		{6055CB73-892F-4E4F-AF61-3F1F2DBA54BE}.Debug|Any CPU.Build.0 = Debug|Any CPU
		{6055CB73-892F-4E4F-AF61-3F1F2DBA54BE}.Debug|x64.ActiveCfg = Debug|Any CPU
		{6055CB73-892F-4E4F-AF61-3F1F2DBA54BE}.Debug|x64.Build.0 = Debug|Any CPU
		{6055CB73-892F-4E4F-AF61-3F1F2DBA54BE}.Debug|x86.ActiveCfg = Debug|Any CPU
		{6055CB73-892F-4E4F-AF61-3F1F2DBA54BE}.Debug|x86.Build.0 = Debug|Any CPU
		{6055CB73-892F-4E4F-AF61-3F1F2DBA54BE}.Release|Any CPU.ActiveCfg = Release|Any CPU
		{6055CB73-892F-4E4F-AF61-3F1F2DBA54BE}.Release|Any CPU.Build.0 = Release|Any CPU
		{6055CB73-892F-4E4F-AF61-3F1F2DBA54BE}.Release|x64.ActiveCfg = Release|Any CPU
		{6055CB73-892F-4E4F-AF61-3F1F2DBA54BE}.Release|x64.Build.0 = Release|Any CPU
		{6055CB73-892F-4E4F-AF61-3F1F2DBA54BE}.Release|x86.ActiveCfg = Release|Any CPU
		{6055CB73-892F-4E4F-AF61-3F1F2DBA54BE}.Release|x86.Build.0 = Release|Any CPU
		{02DE986C-B9C4-410D-A2B1-5EAE1D9C8505}.Debug|Any CPU.ActiveCfg = Debug|Any CPU
		{02DE986C-B9C4-410D-A2B1-5EAE1D9C8505}.Debug|Any CPU.Build.0 = Debug|Any CPU
		{02DE986C-B9C4-410D-A2B1-5EAE1D9C8505}.Debug|x64.ActiveCfg = Debug|Any CPU
		{02DE986C-B9C4-410D-A2B1-5EAE1D9C8505}.Debug|x64.Build.0 = Debug|Any CPU
		{02DE986C-B9C4-410D-A2B1-5EAE1D9C8505}.Debug|x86.ActiveCfg = Debug|Any CPU
		{02DE986C-B9C4-410D-A2B1-5EAE1D9C8505}.Debug|x86.Build.0 = Debug|Any CPU
		{02DE986C-B9C4-410D-A2B1-5EAE1D9C8505}.Release|Any CPU.ActiveCfg = Release|Any CPU
		{02DE986C-B9C4-410D-A2B1-5EAE1D9C8505}.Release|Any CPU.Build.0 = Release|Any CPU
		{02DE986C-B9C4-410D-A2B1-5EAE1D9C8505}.Release|x64.ActiveCfg = Release|Any CPU
		{02DE986C-B9C4-410D-A2B1-5EAE1D9C8505}.Release|x64.Build.0 = Release|Any CPU
		{02DE986C-B9C4-410D-A2B1-5EAE1D9C8505}.Release|x86.ActiveCfg = Release|Any CPU
		{02DE986C-B9C4-410D-A2B1-5EAE1D9C8505}.Release|x86.Build.0 = Release|Any CPU
		{F3945642-AE2B-4B24-A928-0CF43645B1B0}.Debug|Any CPU.ActiveCfg = Debug|Any CPU
		{F3945642-AE2B-4B24-A928-0CF43645B1B0}.Debug|Any CPU.Build.0 = Debug|Any CPU
		{F3945642-AE2B-4B24-A928-0CF43645B1B0}.Debug|x64.ActiveCfg = Debug|Any CPU
		{F3945642-AE2B-4B24-A928-0CF43645B1B0}.Debug|x64.Build.0 = Debug|Any CPU
		{F3945642-AE2B-4B24-A928-0CF43645B1B0}.Debug|x86.ActiveCfg = Debug|Any CPU
		{F3945642-AE2B-4B24-A928-0CF43645B1B0}.Debug|x86.Build.0 = Debug|Any CPU
		{F3945642-AE2B-4B24-A928-0CF43645B1B0}.Release|Any CPU.ActiveCfg = Release|Any CPU
		{F3945642-AE2B-4B24-A928-0CF43645B1B0}.Release|Any CPU.Build.0 = Release|Any CPU
		{F3945642-AE2B-4B24-A928-0CF43645B1B0}.Release|x64.ActiveCfg = Release|Any CPU
		{F3945642-AE2B-4B24-A928-0CF43645B1B0}.Release|x64.Build.0 = Release|Any CPU
		{F3945642-AE2B-4B24-A928-0CF43645B1B0}.Release|x86.ActiveCfg = Release|Any CPU
		{F3945642-AE2B-4B24-A928-0CF43645B1B0}.Release|x86.Build.0 = Release|Any CPU
	EndGlobalSection
	GlobalSection(SolutionProperties) = preSolution
		HideSolutionNode = FALSE
	EndGlobalSection
	GlobalSection(ExtensibilityGlobals) = postSolution
		SolutionGuid = {8149FB02-338A-49AA-B8E6-580D1E6079ED}
	EndGlobalSection
EndGlobal
